
Microsoft Visual Studio Solution File, Format Version 12.00
# Visual Studio Version 16
VisualStudioVersion = 16.0.31019.35
MinimumVisualStudioVersion = 10.0.40219.1
Project("{2150E333-8FDC-42A3-9474-1A3956D46DE8}") = "Tests", "Tests", "{968A4F75-4B31-4025-9D4B-596F5506ED7E}"
EndProject
Project("{FAE04EC0-301F-11D3-BF4B-00C04F79EFBC}") = "MailSender.ConsoleTest", "Tests\MailSender.ConsoleTest\MailSender.ConsoleTest.csproj", "{60BE138A-A51B-446E-874B-ABBFA34ED646}"
EndProject
Project("{FAE04EC0-301F-11D3-BF4B-00C04F79EFBC}") = "MailSender.WPFTest", "Tests\MailSender.WPFTest\MailSender.WPFTest.csproj", "{C84ECB40-701B-49DF-A6CF-FF946BF4CE9E}"
EndProject
Project("{FAE04EC0-301F-11D3-BF4B-00C04F79EFBC}") = "MailSender.lib", "MailSender.lib\MailSender.lib.csproj", "{87EC4313-2552-4D65-BCAC-A74F86ADE612}"
EndProject
Project("{FAE04EC0-301F-11D3-BF4B-00C04F79EFBC}") = "MailSender", "MailSender\MailSender.csproj", "{0E0CA049-D2B4-431F-96D4-BE8E8F685400}"
EndProject
Project("{FAE04EC0-301F-11D3-BF4B-00C04F79EFBC}") = "MailSender.lib.Tests", "Tests\MailSender.lib.Tests\MailSender.lib.Tests.csproj", "{E5F6E4D9-1A92-4621-A643-F91205C1EAD0}"
EndProject
Project("{FAE04EC0-301F-11D3-BF4B-00C04F79EFBC}") = "Homework 5.1", "Homework 5.1\Homework 5.1.csproj", "{71B183A3-E320-4414-A7D2-A25445DDF7B9}"
EndProject
Project("{FAE04EC0-301F-11D3-BF4B-00C04F79EFBC}") = "Homework 6.1", "Homework 6.1\Homework 6.1.csproj", "{8E2FB20A-B19A-4131-84FC-14681A9284C0}"
EndProject
Project("{FAE04EC0-301F-11D3-BF4B-00C04F79EFBC}") = "MailSender.WPFTest2", "MailSender.WPFTest2\MailSender.WPFTest2.csproj", "{2655F94B-6673-4CE0-A3DA-2DC22F28D614}"
EndProject
Project("{FAE04EC0-301F-11D3-BF4B-00C04F79EFBC}") = "MailSender.ConsoleTest2", "MailSender.ConsoleTest2\MailSender.ConsoleTest2.csproj", "{EFFF3BF0-D5D3-4E36-AEA1-90D8982C6D23}"
EndProject
Global
	GlobalSection(SolutionConfigurationPlatforms) = preSolution
		Debug|Any CPU = Debug|Any CPU
		Release|Any CPU = Release|Any CPU
	EndGlobalSection
	GlobalSection(ProjectConfigurationPlatforms) = postSolution
		{60BE138A-A51B-446E-874B-ABBFA34ED646}.Debug|Any CPU.ActiveCfg = Debug|Any CPU
		{60BE138A-A51B-446E-874B-ABBFA34ED646}.Debug|Any CPU.Build.0 = Debug|Any CPU
		{60BE138A-A51B-446E-874B-ABBFA34ED646}.Release|Any CPU.ActiveCfg = Release|Any CPU
		{60BE138A-A51B-446E-874B-ABBFA34ED646}.Release|Any CPU.Build.0 = Release|Any CPU
		{C84ECB40-701B-49DF-A6CF-FF946BF4CE9E}.Debug|Any CPU.ActiveCfg = Debug|Any CPU
		{C84ECB40-701B-49DF-A6CF-FF946BF4CE9E}.Debug|Any CPU.Build.0 = Debug|Any CPU
		{C84ECB40-701B-49DF-A6CF-FF946BF4CE9E}.Release|Any CPU.ActiveCfg = Release|Any CPU
		{C84ECB40-701B-49DF-A6CF-FF946BF4CE9E}.Release|Any CPU.Build.0 = Release|Any CPU
		{87EC4313-2552-4D65-BCAC-A74F86ADE612}.Debug|Any CPU.ActiveCfg = Debug|Any CPU
		{87EC4313-2552-4D65-BCAC-A74F86ADE612}.Debug|Any CPU.Build.0 = Debug|Any CPU
		{87EC4313-2552-4D65-BCAC-A74F86ADE612}.Release|Any CPU.ActiveCfg = Release|Any CPU
		{87EC4313-2552-4D65-BCAC-A74F86ADE612}.Release|Any CPU.Build.0 = Release|Any CPU
		{0E0CA049-D2B4-431F-96D4-BE8E8F685400}.Debug|Any CPU.ActiveCfg = Debug|Any CPU
		{0E0CA049-D2B4-431F-96D4-BE8E8F685400}.Debug|Any CPU.Build.0 = Debug|Any CPU
		{0E0CA049-D2B4-431F-96D4-BE8E8F685400}.Release|Any CPU.ActiveCfg = Release|Any CPU
		{0E0CA049-D2B4-431F-96D4-BE8E8F685400}.Release|Any CPU.Build.0 = Release|Any CPU
		{E5F6E4D9-1A92-4621-A643-F91205C1EAD0}.Debug|Any CPU.ActiveCfg = Debug|Any CPU
		{E5F6E4D9-1A92-4621-A643-F91205C1EAD0}.Debug|Any CPU.Build.0 = Debug|Any CPU
		{E5F6E4D9-1A92-4621-A643-F91205C1EAD0}.Release|Any CPU.ActiveCfg = Release|Any CPU
		{E5F6E4D9-1A92-4621-A643-F91205C1EAD0}.Release|Any CPU.Build.0 = Release|Any CPU
		{71B183A3-E320-4414-A7D2-A25445DDF7B9}.Debug|Any CPU.ActiveCfg = Debug|Any CPU
		{71B183A3-E320-4414-A7D2-A25445DDF7B9}.Debug|Any CPU.Build.0 = Debug|Any CPU
		{71B183A3-E320-4414-A7D2-A25445DDF7B9}.Release|Any CPU.ActiveCfg = Release|Any CPU
		{71B183A3-E320-4414-A7D2-A25445DDF7B9}.Release|Any CPU.Build.0 = Release|Any CPU
		{8E2FB20A-B19A-4131-84FC-14681A9284C0}.Debug|Any CPU.ActiveCfg = Debug|Any CPU
		{8E2FB20A-B19A-4131-84FC-14681A9284C0}.Debug|Any CPU.Build.0 = Debug|Any CPU
		{8E2FB20A-B19A-4131-84FC-14681A9284C0}.Release|Any CPU.ActiveCfg = Release|Any CPU
		{8E2FB20A-B19A-4131-84FC-14681A9284C0}.Release|Any CPU.Build.0 = Release|Any CPU
		{2655F94B-6673-4CE0-A3DA-2DC22F28D614}.Debug|Any CPU.ActiveCfg = Debug|Any CPU
		{2655F94B-6673-4CE0-A3DA-2DC22F28D614}.Debug|Any CPU.Build.0 = Debug|Any CPU
		{2655F94B-6673-4CE0-A3DA-2DC22F28D614}.Release|Any CPU.ActiveCfg = Release|Any CPU
		{2655F94B-6673-4CE0-A3DA-2DC22F28D614}.Release|Any CPU.Build.0 = Release|Any CPU
		{EFFF3BF0-D5D3-4E36-AEA1-90D8982C6D23}.Debug|Any CPU.ActiveCfg = Debug|Any CPU
		{EFFF3BF0-D5D3-4E36-AEA1-90D8982C6D23}.Debug|Any CPU.Build.0 = Debug|Any CPU
		{EFFF3BF0-D5D3-4E36-AEA1-90D8982C6D23}.Release|Any CPU.ActiveCfg = Release|Any CPU
		{EFFF3BF0-D5D3-4E36-AEA1-90D8982C6D23}.Release|Any CPU.Build.0 = Release|Any CPU
	EndGlobalSection
	GlobalSection(SolutionProperties) = preSolution
		HideSolutionNode = FALSE
	EndGlobalSection
	GlobalSection(NestedProjects) = preSolution
		{60BE138A-A51B-446E-874B-ABBFA34ED646} = {968A4F75-4B31-4025-9D4B-596F5506ED7E}
		{C84ECB40-701B-49DF-A6CF-FF946BF4CE9E} = {968A4F75-4B31-4025-9D4B-596F5506ED7E}
		{E5F6E4D9-1A92-4621-A643-F91205C1EAD0} = {968A4F75-4B31-4025-9D4B-596F5506ED7E}
		{71B183A3-E320-4414-A7D2-A25445DDF7B9} = {968A4F75-4B31-4025-9D4B-596F5506ED7E}
		{8E2FB20A-B19A-4131-84FC-14681A9284C0} = {968A4F75-4B31-4025-9D4B-596F5506ED7E}
		{2655F94B-6673-4CE0-A3DA-2DC22F28D614} = {968A4F75-4B31-4025-9D4B-596F5506ED7E}
		{EFFF3BF0-D5D3-4E36-AEA1-90D8982C6D23} = {968A4F75-4B31-4025-9D4B-596F5506ED7E}
	EndGlobalSection
	GlobalSection(ExtensibilityGlobals) = postSolution
		SolutionGuid = {5AD7C5D7-2721-4BC8-AC40-31FF98588706}
	EndGlobalSection
EndGlobal
